// !$*UTF8*$!
{
	archiveVersion = 1;
	classes = {
	};
	objectVersion = 56;
	objects = {

/* Begin PBXBuildFile section */
		F44166A72A7278F100EB4742 /* SettingStoryboard.storyboard in Resources */ = {isa = PBXBuildFile; fileRef = F44166A62A7278F100EB4742 /* SettingStoryboard.storyboard */; };
		F44166A92A7278FE00EB4742 /* SettingTableViewController.swift in Sources */ = {isa = PBXBuildFile; fileRef = F44166A82A7278FE00EB4742 /* SettingTableViewController.swift */; };
		F44166AB2A72918900EB4742 /* AppendTableViewController.swift in Sources */ = {isa = PBXBuildFile; fileRef = F44166AA2A72918900EB4742 /* AppendTableViewController.swift */; };
		F45317032A7350410066F3B4 /* CustomTableViewController.swift in Sources */ = {isa = PBXBuildFile; fileRef = F45317022A7350410066F3B4 /* CustomTableViewController.swift */; };
		F45317072A73528B0066F3B4 /* CustomTableViewCell.swift in Sources */ = {isa = PBXBuildFile; fileRef = F45317062A73528B0066F3B4 /* CustomTableViewCell.swift */; };
		F4553CE82A71FFF8007E9129 /* AppDelegate.swift in Sources */ = {isa = PBXBuildFile; fileRef = F4553CE72A71FFF8007E9129 /* AppDelegate.swift */; };
		F4553CEA2A71FFF8007E9129 /* SceneDelegate.swift in Sources */ = {isa = PBXBuildFile; fileRef = F4553CE92A71FFF8007E9129 /* SceneDelegate.swift */; };
		F4553CEC2A71FFF8007E9129 /* ViewController.swift in Sources */ = {isa = PBXBuildFile; fileRef = F4553CEB2A71FFF8007E9129 /* ViewController.swift */; };
		F4553CEF2A71FFF8007E9129 /* Main.storyboard in Resources */ = {isa = PBXBuildFile; fileRef = F4553CED2A71FFF8007E9129 /* Main.storyboard */; };
		F4553CF12A71FFF9007E9129 /* Assets.xcassets in Resources */ = {isa = PBXBuildFile; fileRef = F4553CF02A71FFF9007E9129 /* Assets.xcassets */; };
		F4553CF42A71FFF9007E9129 /* LaunchScreen.storyboard in Resources */ = {isa = PBXBuildFile; fileRef = F4553CF22A71FFF9007E9129 /* LaunchScreen.storyboard */; };
		F4553CFC2A720FEE007E9129 /* TodoTableViewController.swift in Sources */ = {isa = PBXBuildFile; fileRef = F4553CFB2A720FEE007E9129 /* TodoTableViewController.swift */; };
		F4553CFE2A7232D5007E9129 /* StudyTableViewController.swift in Sources */ = {isa = PBXBuildFile; fileRef = F4553CFD2A7232D5007E9129 /* StudyTableViewController.swift */; };
		F4553D002A72496B007E9129 /* Extension.swift in Sources */ = {isa = PBXBuildFile; fileRef = F4553CFF2A72496B007E9129 /* Extension.swift */; };
		F467DF642A749651009D7266 /* MovieStoryboard.storyboard in Resources */ = {isa = PBXBuildFile; fileRef = F467DF632A749651009D7266 /* MovieStoryboard.storyboard */; };
		F467DF662A7496BC009D7266 /* MovieTableViewCell.swift in Sources */ = {isa = PBXBuildFile; fileRef = F467DF652A7496BC009D7266 /* MovieTableViewCell.swift */; };
		F467DF682A7496E3009D7266 /* MovieTableViewController.swift in Sources */ = {isa = PBXBuildFile; fileRef = F467DF672A7496E3009D7266 /* MovieTableViewController.swift */; };
		F467DF6A2A749749009D7266 /* MovieInfo.swift in Sources */ = {isa = PBXBuildFile; fileRef = F467DF692A749749009D7266 /* MovieInfo.swift */; };
		F481B1572A7389C7006203C5 /* ToDo.swift in Sources */ = {isa = PBXBuildFile; fileRef = F481B1562A7389C7006203C5 /* ToDo.swift */; };
		F481B1592A738A08006203C5 /* ToDoInformation.swift in Sources */ = {isa = PBXBuildFile; fileRef = F481B1582A738A08006203C5 /* ToDoInformation.swift */; };
/* End PBXBuildFile section */

/* Begin PBXFileReference section */
		F44166A62A7278F100EB4742 /* SettingStoryboard.storyboard */ = {isa = PBXFileReference; lastKnownFileType = file.storyboard; path = SettingStoryboard.storyboard; sourceTree = "<group>"; };
		F44166A82A7278FE00EB4742 /* SettingTableViewController.swift */ = {isa = PBXFileReference; lastKnownFileType = sourcecode.swift; path = SettingTableViewController.swift; sourceTree = "<group>"; };
		F44166AA2A72918900EB4742 /* AppendTableViewController.swift */ = {isa = PBXFileReference; lastKnownFileType = sourcecode.swift; name = AppendTableViewController.swift; path = SeSAC_week3/Assignment/SettingStoryboard/AppendTableViewController.swift; sourceTree = SOURCE_ROOT; };
		F45317022A7350410066F3B4 /* CustomTableViewController.swift */ = {isa = PBXFileReference; lastKnownFileType = sourcecode.swift; path = CustomTableViewController.swift; sourceTree = "<group>"; };
		F45317062A73528B0066F3B4 /* CustomTableViewCell.swift */ = {isa = PBXFileReference; lastKnownFileType = sourcecode.swift; path = CustomTableViewCell.swift; sourceTree = "<group>"; };
		F4553CE42A71FFF8007E9129 /* SeSAC_week3.app */ = {isa = PBXFileReference; explicitFileType = wrapper.application; includeInIndex = 0; path = SeSAC_week3.app; sourceTree = BUILT_PRODUCTS_DIR; };
		F4553CE72A71FFF8007E9129 /* AppDelegate.swift */ = {isa = PBXFileReference; lastKnownFileType = sourcecode.swift; path = AppDelegate.swift; sourceTree = "<group>"; };
		F4553CE92A71FFF8007E9129 /* SceneDelegate.swift */ = {isa = PBXFileReference; lastKnownFileType = sourcecode.swift; path = SceneDelegate.swift; sourceTree = "<group>"; };
		F4553CEB2A71FFF8007E9129 /* ViewController.swift */ = {isa = PBXFileReference; lastKnownFileType = sourcecode.swift; path = ViewController.swift; sourceTree = "<group>"; };
		F4553CEE2A71FFF8007E9129 /* Base */ = {isa = PBXFileReference; lastKnownFileType = file.storyboard; name = Base; path = Base.lproj/Main.storyboard; sourceTree = "<group>"; };
		F4553CF02A71FFF9007E9129 /* Assets.xcassets */ = {isa = PBXFileReference; lastKnownFileType = folder.assetcatalog; path = Assets.xcassets; sourceTree = "<group>"; };
		F4553CF32A71FFF9007E9129 /* Base */ = {isa = PBXFileReference; lastKnownFileType = file.storyboard; name = Base; path = Base.lproj/LaunchScreen.storyboard; sourceTree = "<group>"; };
		F4553CF52A71FFF9007E9129 /* Info.plist */ = {isa = PBXFileReference; lastKnownFileType = text.plist.xml; path = Info.plist; sourceTree = "<group>"; };
		F4553CFB2A720FEE007E9129 /* TodoTableViewController.swift */ = {isa = PBXFileReference; lastKnownFileType = sourcecode.swift; name = TodoTableViewController.swift; path = SeSAC_week3/0727/TodoTableViewController.swift; sourceTree = SOURCE_ROOT; };
		F4553CFD2A7232D5007E9129 /* StudyTableViewController.swift */ = {isa = PBXFileReference; lastKnownFileType = sourcecode.swift; path = StudyTableViewController.swift; sourceTree = "<group>"; };
		F4553CFF2A72496B007E9129 /* Extension.swift */ = {isa = PBXFileReference; lastKnownFileType = sourcecode.swift; path = Extension.swift; sourceTree = SOURCE_ROOT; };
		F467DF632A749651009D7266 /* MovieStoryboard.storyboard */ = {isa = PBXFileReference; lastKnownFileType = file.storyboard; path = MovieStoryboard.storyboard; sourceTree = SOURCE_ROOT; };
		F467DF652A7496BC009D7266 /* MovieTableViewCell.swift */ = {isa = PBXFileReference; lastKnownFileType = sourcecode.swift; path = MovieTableViewCell.swift; sourceTree = "<group>"; };
		F467DF672A7496E3009D7266 /* MovieTableViewController.swift */ = {isa = PBXFileReference; lastKnownFileType = sourcecode.swift; path = MovieTableViewController.swift; sourceTree = "<group>"; };
		F467DF692A749749009D7266 /* MovieInfo.swift */ = {isa = PBXFileReference; fileEncoding = 4; lastKnownFileType = sourcecode.swift; path = MovieInfo.swift; sourceTree = "<group>"; };
		F481B1562A7389C7006203C5 /* ToDo.swift */ = {isa = PBXFileReference; lastKnownFileType = sourcecode.swift; path = ToDo.swift; sourceTree = "<group>"; };
		F481B1582A738A08006203C5 /* ToDoInformation.swift */ = {isa = PBXFileReference; lastKnownFileType = sourcecode.swift; path = ToDoInformation.swift; sourceTree = "<group>"; };
/* End PBXFileReference section */

/* Begin PBXFrameworksBuildPhase section */
		F4553CE12A71FFF8007E9129 /* Frameworks */ = {
			isa = PBXFrameworksBuildPhase;
			buildActionMask = 2147483647;
			files = (
			);
			runOnlyForDeploymentPostprocessing = 0;
		};
/* End PBXFrameworksBuildPhase section */

/* Begin PBXGroup section */
		F45317042A7350500066F3B4 /* 0727 */ = {
			isa = PBXGroup;
			children = (
				F4553CFD2A7232D5007E9129 /* StudyTableViewController.swift */,
				F4553CFB2A720FEE007E9129 /* TodoTableViewController.swift */,
			);
			path = 0727;
			sourceTree = "<group>";
		};
		F45317052A7350650066F3B4 /* 0728 */ = {
			isa = PBXGroup;
			children = (
				F45317022A7350410066F3B4 /* CustomTableViewController.swift */,
				F481B1562A7389C7006203C5 /* ToDo.swift */,
				F481B1582A738A08006203C5 /* ToDoInformation.swift */,
				F45317062A73528B0066F3B4 /* CustomTableViewCell.swift */,
			);
			path = 0728;
			sourceTree = "<group>";
		};
		F4553CDB2A71FFF8007E9129 = {
			isa = PBXGroup;
			children = (
				F4553CE62A71FFF8007E9129 /* SeSAC_week3 */,
				F4553CE52A71FFF8007E9129 /* Products */,
			);
			sourceTree = "<group>";
		};
		F4553CE52A71FFF8007E9129 /* Products */ = {
			isa = PBXGroup;
			children = (
				F4553CE42A71FFF8007E9129 /* SeSAC_week3.app */,
			);
			name = Products;
			sourceTree = "<group>";
		};
		F4553CE62A71FFF8007E9129 /* SeSAC_week3 */ = {
			isa = PBXGroup;
			children = (
				F45317052A7350650066F3B4 /* 0728 */,
				F45317042A7350500066F3B4 /* 0727 */,
				F4553D032A725340007E9129 /* Assignment */,
				F4553CFF2A72496B007E9129 /* Extension.swift */,
				F4553CE72A71FFF8007E9129 /* AppDelegate.swift */,
				F4553CE92A71FFF8007E9129 /* SceneDelegate.swift */,
				F4553CEB2A71FFF8007E9129 /* ViewController.swift */,
				F4553CED2A71FFF8007E9129 /* Main.storyboard */,
				F4553CF02A71FFF9007E9129 /* Assets.xcassets */,
				F4553CF22A71FFF9007E9129 /* LaunchScreen.storyboard */,
				F4553CF52A71FFF9007E9129 /* Info.plist */,
			);
			path = SeSAC_week3;
			sourceTree = "<group>";
		};
		F4553D032A725340007E9129 /* Assignment */ = {
			isa = PBXGroup;
			children = (
				F467DF622A749633009D7266 /* MovieStoryboard */,
				F467DF612A74960B009D7266 /* SettingStoryboard */,
			);
			path = Assignment;
			sourceTree = "<group>";
		};
		F467DF612A74960B009D7266 /* SettingStoryboard */ = {
			isa = PBXGroup;
			children = (
				F44166AA2A72918900EB4742 /* AppendTableViewController.swift */,
				F44166A62A7278F100EB4742 /* SettingStoryboard.storyboard */,
				F44166A82A7278FE00EB4742 /* SettingTableViewController.swift */,
			);
			path = SettingStoryboard;
			sourceTree = "<group>";
		};
		F467DF622A749633009D7266 /* MovieStoryboard */ = {
			isa = PBXGroup;
			children = (
				F467DF632A749651009D7266 /* MovieStoryboard.storyboard */,
				F467DF672A7496E3009D7266 /* MovieTableViewController.swift */,
				F467DF652A7496BC009D7266 /* MovieTableViewCell.swift */,
				F467DF692A749749009D7266 /* MovieInfo.swift */,
			);
			path = MovieStoryboard;
			sourceTree = "<group>";
		};
/* End PBXGroup section */

/* Begin PBXNativeTarget section */
		F4553CE32A71FFF8007E9129 /* SeSAC_week3 */ = {
			isa = PBXNativeTarget;
			buildConfigurationList = F4553CF82A71FFF9007E9129 /* Build configuration list for PBXNativeTarget "SeSAC_week3" */;
			buildPhases = (
				F4553CE02A71FFF8007E9129 /* Sources */,
				F4553CE12A71FFF8007E9129 /* Frameworks */,
				F4553CE22A71FFF8007E9129 /* Resources */,
			);
			buildRules = (
			);
			dependencies = (
			);
			name = SeSAC_week3;
			productName = SeSAC_week3;
			productReference = F4553CE42A71FFF8007E9129 /* SeSAC_week3.app */;
			productType = "com.apple.product-type.application";
		};
/* End PBXNativeTarget section */

/* Begin PBXProject section */
		F4553CDC2A71FFF8007E9129 /* Project object */ = {
			isa = PBXProject;
			attributes = {
				BuildIndependentTargetsInParallel = 1;
				LastSwiftUpdateCheck = 1430;
				LastUpgradeCheck = 1430;
				TargetAttributes = {
					F4553CE32A71FFF8007E9129 = {
						CreatedOnToolsVersion = 14.3.1;
					};
				};
			};
			buildConfigurationList = F4553CDF2A71FFF8007E9129 /* Build configuration list for PBXProject "SeSAC_week3" */;
			compatibilityVersion = "Xcode 14.0";
			developmentRegion = en;
			hasScannedForEncodings = 0;
			knownRegions = (
				en,
				Base,
			);
			mainGroup = F4553CDB2A71FFF8007E9129;
			productRefGroup = F4553CE52A71FFF8007E9129 /* Products */;
			projectDirPath = "";
			projectRoot = "";
			targets = (
				F4553CE32A71FFF8007E9129 /* SeSAC_week3 */,
			);
		};
/* End PBXProject section */

/* Begin PBXResourcesBuildPhase section */
		F4553CE22A71FFF8007E9129 /* Resources */ = {
			isa = PBXResourcesBuildPhase;
			buildActionMask = 2147483647;
			files = (
				F4553CF42A71FFF9007E9129 /* LaunchScreen.storyboard in Resources */,
				F4553CF12A71FFF9007E9129 /* Assets.xcassets in Resources */,
				F467DF642A749651009D7266 /* MovieStoryboard.storyboard in Resources */,
				F44166A72A7278F100EB4742 /* SettingStoryboard.storyboard in Resources */,
				F4553CEF2A71FFF8007E9129 /* Main.storyboard in Resources */,
			);
			runOnlyForDeploymentPostprocessing = 0;
		};
/* End PBXResourcesBuildPhase section */

/* Begin PBXSourcesBuildPhase section */
		F4553CE02A71FFF8007E9129 /* Sources */ = {
			isa = PBXSourcesBuildPhase;
			buildActionMask = 2147483647;
			files = (
				F44166A92A7278FE00EB4742 /* SettingTableViewController.swift in Sources */,
				F467DF6A2A749749009D7266 /* MovieInfo.swift in Sources */,
				F44166AB2A72918900EB4742 /* AppendTableViewController.swift in Sources */,
				F4553CEC2A71FFF8007E9129 /* ViewController.swift in Sources */,
				F481B1572A7389C7006203C5 /* ToDo.swift in Sources */,
				F481B1592A738A08006203C5 /* ToDoInformation.swift in Sources */,
				F4553CFC2A720FEE007E9129 /* TodoTableViewController.swift in Sources */,
				F467DF682A7496E3009D7266 /* MovieTableViewController.swift in Sources */,
				F4553CFE2A7232D5007E9129 /* StudyTableViewController.swift in Sources */,
				F4553D002A72496B007E9129 /* Extension.swift in Sources */,
				F45317072A73528B0066F3B4 /* CustomTableViewCell.swift in Sources */,
				F4553CE82A71FFF8007E9129 /* AppDelegate.swift in Sources */,
				F45317032A7350410066F3B4 /* CustomTableViewController.swift in Sources */,
				F4553CEA2A71FFF8007E9129 /* SceneDelegate.swift in Sources */,
				F467DF662A7496BC009D7266 /* MovieTableViewCell.swift in Sources */,
			);
			runOnlyForDeploymentPostprocessing = 0;
		};
/* End PBXSourcesBuildPhase section */

/* Begin PBXVariantGroup section */
		F4553CED2A71FFF8007E9129 /* Main.storyboard */ = {
			isa = PBXVariantGroup;
			children = (
				F4553CEE2A71FFF8007E9129 /* Base */,
			);
			name = Main.storyboard;
			sourceTree = "<group>";
		};
		F4553CF22A71FFF9007E9129 /* LaunchScreen.storyboard */ = {
			isa = PBXVariantGroup;
			children = (
				F4553CF32A71FFF9007E9129 /* Base */,
			);
			name = LaunchScreen.storyboard;
			sourceTree = "<group>";
		};
/* End PBXVariantGroup section */

/* Begin XCBuildConfiguration section */
		F4553CF62A71FFF9007E9129 /* Debug */ = {
			isa = XCBuildConfiguration;
			buildSettings = {
				ALWAYS_SEARCH_USER_PATHS = NO;
				CLANG_ANALYZER_NONNULL = YES;
				CLANG_ANALYZER_NUMBER_OBJECT_CONVERSION = YES_AGGRESSIVE;
				CLANG_CXX_LANGUAGE_STANDARD = "gnu++20";
				CLANG_ENABLE_MODULES = YES;
				CLANG_ENABLE_OBJC_ARC = YES;
				CLANG_ENABLE_OBJC_WEAK = YES;
				CLANG_WARN_BLOCK_CAPTURE_AUTORELEASING = YES;
				CLANG_WARN_BOOL_CONVERSION = YES;
				CLANG_WARN_COMMA = YES;
				CLANG_WARN_CONSTANT_CONVERSION = YES;
				CLANG_WARN_DEPRECATED_OBJC_IMPLEMENTATIONS = YES;
				CLANG_WARN_DIRECT_OBJC_ISA_USAGE = YES_ERROR;
				CLANG_WARN_DOCUMENTATION_COMMENTS = YES;
				CLANG_WARN_EMPTY_BODY = YES;
				CLANG_WARN_ENUM_CONVERSION = YES;
				CLANG_WARN_INFINITE_RECURSION = YES;
				CLANG_WARN_INT_CONVERSION = YES;
				CLANG_WARN_NON_LITERAL_NULL_CONVERSION = YES;
				CLANG_WARN_OBJC_IMPLICIT_RETAIN_SELF = YES;
				CLANG_WARN_OBJC_LITERAL_CONVERSION = YES;
				CLANG_WARN_OBJC_ROOT_CLASS = YES_ERROR;
				CLANG_WARN_QUOTED_INCLUDE_IN_FRAMEWORK_HEADER = YES;
				CLANG_WARN_RANGE_LOOP_ANALYSIS = YES;
				CLANG_WARN_STRICT_PROTOTYPES = YES;
				CLANG_WARN_SUSPICIOUS_MOVE = YES;
				CLANG_WARN_UNGUARDED_AVAILABILITY = YES_AGGRESSIVE;
				CLANG_WARN_UNREACHABLE_CODE = YES;
				CLANG_WARN__DUPLICATE_METHOD_MATCH = YES;
				COPY_PHASE_STRIP = NO;
				DEBUG_INFORMATION_FORMAT = dwarf;
				ENABLE_STRICT_OBJC_MSGSEND = YES;
				ENABLE_TESTABILITY = YES;
				GCC_C_LANGUAGE_STANDARD = gnu11;
				GCC_DYNAMIC_NO_PIC = NO;
				GCC_NO_COMMON_BLOCKS = YES;
				GCC_OPTIMIZATION_LEVEL = 0;
				GCC_PREPROCESSOR_DEFINITIONS = (
					"DEBUG=1",
					"$(inherited)",
				);
				GCC_WARN_64_TO_32_BIT_CONVERSION = YES;
				GCC_WARN_ABOUT_RETURN_TYPE = YES_ERROR;
				GCC_WARN_UNDECLARED_SELECTOR = YES;
				GCC_WARN_UNINITIALIZED_AUTOS = YES_AGGRESSIVE;
				GCC_WARN_UNUSED_FUNCTION = YES;
				GCC_WARN_UNUSED_VARIABLE = YES;
				IPHONEOS_DEPLOYMENT_TARGET = 16.4;
				MTL_ENABLE_DEBUG_INFO = INCLUDE_SOURCE;
				MTL_FAST_MATH = YES;
				ONLY_ACTIVE_ARCH = YES;
				SDKROOT = iphoneos;
				SWIFT_ACTIVE_COMPILATION_CONDITIONS = DEBUG;
				SWIFT_OPTIMIZATION_LEVEL = "-Onone";
			};
			name = Debug;
		};
		F4553CF72A71FFF9007E9129 /* Release */ = {
			isa = XCBuildConfiguration;
			buildSettings = {
				ALWAYS_SEARCH_USER_PATHS = NO;
				CLANG_ANALYZER_NONNULL = YES;
				CLANG_ANALYZER_NUMBER_OBJECT_CONVERSION = YES_AGGRESSIVE;
				CLANG_CXX_LANGUAGE_STANDARD = "gnu++20";
				CLANG_ENABLE_MODULES = YES;
				CLANG_ENABLE_OBJC_ARC = YES;
				CLANG_ENABLE_OBJC_WEAK = YES;
				CLANG_WARN_BLOCK_CAPTURE_AUTORELEASING = YES;
				CLANG_WARN_BOOL_CONVERSION = YES;
				CLANG_WARN_COMMA = YES;
				CLANG_WARN_CONSTANT_CONVERSION = YES;
				CLANG_WARN_DEPRECATED_OBJC_IMPLEMENTATIONS = YES;
				CLANG_WARN_DIRECT_OBJC_ISA_USAGE = YES_ERROR;
				CLANG_WARN_DOCUMENTATION_COMMENTS = YES;
				CLANG_WARN_EMPTY_BODY = YES;
				CLANG_WARN_ENUM_CONVERSION = YES;
				CLANG_WARN_INFINITE_RECURSION = YES;
				CLANG_WARN_INT_CONVERSION = YES;
				CLANG_WARN_NON_LITERAL_NULL_CONVERSION = YES;
				CLANG_WARN_OBJC_IMPLICIT_RETAIN_SELF = YES;
				CLANG_WARN_OBJC_LITERAL_CONVERSION = YES;
				CLANG_WARN_OBJC_ROOT_CLASS = YES_ERROR;
				CLANG_WARN_QUOTED_INCLUDE_IN_FRAMEWORK_HEADER = YES;
				CLANG_WARN_RANGE_LOOP_ANALYSIS = YES;
				CLANG_WARN_STRICT_PROTOTYPES = YES;
				CLANG_WARN_SUSPICIOUS_MOVE = YES;
				CLANG_WARN_UNGUARDED_AVAILABILITY = YES_AGGRESSIVE;
				CLANG_WARN_UNREACHABLE_CODE = YES;
				CLANG_WARN__DUPLICATE_METHOD_MATCH = YES;
				COPY_PHASE_STRIP = NO;
				DEBUG_INFORMATION_FORMAT = "dwarf-with-dsym";
				ENABLE_NS_ASSERTIONS = NO;
				ENABLE_STRICT_OBJC_MSGSEND = YES;
				GCC_C_LANGUAGE_STANDARD = gnu11;
				GCC_NO_COMMON_BLOCKS = YES;
				GCC_WARN_64_TO_32_BIT_CONVERSION = YES;
				GCC_WARN_ABOUT_RETURN_TYPE = YES_ERROR;
				GCC_WARN_UNDECLARED_SELECTOR = YES;
				GCC_WARN_UNINITIALIZED_AUTOS = YES_AGGRESSIVE;
				GCC_WARN_UNUSED_FUNCTION = YES;
				GCC_WARN_UNUSED_VARIABLE = YES;
				IPHONEOS_DEPLOYMENT_TARGET = 16.4;
				MTL_ENABLE_DEBUG_INFO = NO;
				MTL_FAST_MATH = YES;
				SDKROOT = iphoneos;
				SWIFT_COMPILATION_MODE = wholemodule;
				SWIFT_OPTIMIZATION_LEVEL = "-O";
				VALIDATE_PRODUCT = YES;
			};
			name = Release;
		};
		F4553CF92A71FFF9007E9129 /* Debug */ = {
			isa = XCBuildConfiguration;
			buildSettings = {
				ASSETCATALOG_COMPILER_APPICON_NAME = AppIcon;
				ASSETCATALOG_COMPILER_GLOBAL_ACCENT_COLOR_NAME = AccentColor;
				CODE_SIGN_STYLE = Automatic;
				CURRENT_PROJECT_VERSION = 1;
				DEVELOPMENT_TEAM = N54L2GS5Z3;
				GENERATE_INFOPLIST_FILE = YES;
				INFOPLIST_FILE = SeSAC_week3/Info.plist;
				INFOPLIST_KEY_UIApplicationSupportsIndirectInputEvents = YES;
				INFOPLIST_KEY_UILaunchStoryboardName = LaunchScreen;
				INFOPLIST_KEY_UIMainStoryboardFile = Main;
				INFOPLIST_KEY_UISupportedInterfaceOrientations_iPad = "UIInterfaceOrientationPortrait UIInterfaceOrientationPortraitUpsideDown UIInterfaceOrientationLandscapeLeft UIInterfaceOrientationLandscapeRight";
				INFOPLIST_KEY_UISupportedInterfaceOrientations_iPhone = "UIInterfaceOrientationPortrait UIInterfaceOrientationLandscapeLeft UIInterfaceOrientationLandscapeRight";
				IPHONEOS_DEPLOYMENT_TARGET = 16.0;
				LD_RUNPATH_SEARCH_PATHS = (
					"$(inherited)",
					"@executable_path/Frameworks",
				);
				MARKETING_VERSION = 1.0;
				PRODUCT_BUNDLE_IDENTIFIER = "eunseo.SeSAC-week3";
				PRODUCT_NAME = "$(TARGET_NAME)";
				SUPPORTED_PLATFORMS = "iphoneos iphonesimulator";
				SUPPORTS_MACCATALYST = NO;
				SUPPORTS_MAC_DESIGNED_FOR_IPHONE_IPAD = NO;
				SWIFT_EMIT_LOC_STRINGS = YES;
				SWIFT_VERSION = 5.0;
				TARGETED_DEVICE_FAMILY = 1;
			};
			name = Debug;
		};
		F4553CFA2A71FFF9007E9129 /* Release */ = {
			isa = XCBuildConfiguration;
			buildSettings = {
				ASSETCATALOG_COMPILER_APPICON_NAME = AppIcon;
				ASSETCATALOG_COMPILER_GLOBAL_ACCENT_COLOR_NAME = AccentColor;
				CODE_SIGN_STYLE = Automatic;
				CURRENT_PROJECT_VERSION = 1;
				DEVELOPMENT_TEAM = N54L2GS5Z3;
				GENERATE_INFOPLIST_FILE = YES;
				INFOPLIST_FILE = SeSAC_week3/Info.plist;
				INFOPLIST_KEY_UIApplicationSupportsIndirectInputEvents = YES;
				INFOPLIST_KEY_UILaunchStoryboardName = LaunchScreen;
				INFOPLIST_KEY_UIMainStoryboardFile = Main;
				INFOPLIST_KEY_UISupportedInterfaceOrientations_iPad = "UIInterfaceOrientationPortrait UIInterfaceOrientationPortraitUpsideDown UIInterfaceOrientationLandscapeLeft UIInterfaceOrientationLandscapeRight";
				INFOPLIST_KEY_UISupportedInterfaceOrientations_iPhone = "UIInterfaceOrientationPortrait UIInterfaceOrientationLandscapeLeft UIInterfaceOrientationLandscapeRight";
				IPHONEOS_DEPLOYMENT_TARGET = 16.0;
				LD_RUNPATH_SEARCH_PATHS = (
					"$(inherited)",
					"@executable_path/Frameworks",
				);
				MARKETING_VERSION = 1.0;
				PRODUCT_BUNDLE_IDENTIFIER = "eunseo.SeSAC-week3";
				PRODUCT_NAME = "$(TARGET_NAME)";
				SUPPORTED_PLATFORMS = "iphoneos iphonesimulator";
				SUPPORTS_MACCATALYST = NO;
				SUPPORTS_MAC_DESIGNED_FOR_IPHONE_IPAD = NO;
				SWIFT_EMIT_LOC_STRINGS = YES;
				SWIFT_VERSION = 5.0;
				TARGETED_DEVICE_FAMILY = 1;
			};
			name = Release;
		};
/* End XCBuildConfiguration section */

/* Begin XCConfigurationList section */
		F4553CDF2A71FFF8007E9129 /* Build configuration list for PBXProject "SeSAC_week3" */ = {
			isa = XCConfigurationList;
			buildConfigurations = (
				F4553CF62A71FFF9007E9129 /* Debug */,
				F4553CF72A71FFF9007E9129 /* Release */,
			);
			defaultConfigurationIsVisible = 0;
			defaultConfigurationName = Release;
		};
		F4553CF82A71FFF9007E9129 /* Build configuration list for PBXNativeTarget "SeSAC_week3" */ = {
			isa = XCConfigurationList;
			buildConfigurations = (
				F4553CF92A71FFF9007E9129 /* Debug */,
				F4553CFA2A71FFF9007E9129 /* Release */,
			);
			defaultConfigurationIsVisible = 0;
			defaultConfigurationName = Release;
		};
/* End XCConfigurationList section */
	};
	rootObject = F4553CDC2A71FFF8007E9129 /* Project object */;
}
